
Microsoft Visual Studio Solution File, Format Version 12.00
# Visual Studio Version 17
VisualStudioVersion = 17.14.36616.10 d17.14
MinimumVisualStudioVersion = 10.0.40219.1
Project("{FAE04EC0-301F-11D3-BF4B-00C04F79EFBC}") = "AOStatelParser", "AOStatelParser\AOStatelParser.csproj", "{0A2930E2-FF90-4044-8851-7E6F28A1A8A4}"
EndProject
Global
	GlobalSection(SolutionConfigurationPlatforms) = preSolution
		Debug|Any CPU = Debug|Any CPU
		Release|Any CPU = Release|Any CPU
	EndGlobalSection
	GlobalSection(ProjectConfigurationPlatforms) = postSolution
		{0A2930E2-FF90-4044-8851-7E6F28A1A8A4}.Debug|Any CPU.ActiveCfg = Debug|Any CPU
		{0A2930E2-FF90-4044-8851-7E6F28A1A8A4}.Debug|Any CPU.Build.0 = Debug|Any CPU
		{0A2930E2-FF90-4044-8851-7E6F28A1A8A4}.Release|Any CPU.ActiveCfg = Release|Any CPU
		{0A2930E2-FF90-4044-8851-7E6F28A1A8A4}.Release|Any CPU.Build.0 = Release|Any CPU
	EndGlobalSection
	GlobalSection(SolutionProperties) = preSolution
		HideSolutionNode = FALSE
	EndGlobalSection
	GlobalSection(ExtensibilityGlobals) = postSolution
		SolutionGuid = {8A956746-902B-4BE4-BD6B-A4855E57C102}
	EndGlobalSection
EndGlobal
